
Microsoft Visual Studio Solution File, Format Version 12.00
# Visual Studio Version 17
VisualStudioVersion = 17.9.34728.123
MinimumVisualStudioVersion = 10.0.40219.1
Project("{FAE04EC0-301F-11D3-BF4B-00C04F79EFBC}") = "CadastroClientesMaui", "CadastroClientesMaui\CadastroClientesMaui.csproj", "{30C99F05-41D2-4AE4-8B8B-09D08893C423}"
EndProject
Global
	GlobalSection(SolutionConfigurationPlatforms) = preSolution
		Debug|Any CPU = Debug|Any CPU
		Release|Any CPU = Release|Any CPU
	EndGlobalSection
	GlobalSection(ProjectConfigurationPlatforms) = postSolution
		{30C99F05-41D2-4AE4-8B8B-09D08893C423}.Debug|Any CPU.ActiveCfg = Debug|Any CPU
		{30C99F05-41D2-4AE4-8B8B-09D08893C423}.Debug|Any CPU.Build.0 = Debug|Any CPU
		{30C99F05-41D2-4AE4-8B8B-09D08893C423}.Debug|Any CPU.Deploy.0 = Debug|Any CPU
		{30C99F05-41D2-4AE4-8B8B-09D08893C423}.Release|Any CPU.ActiveCfg = Release|Any CPU
		{30C99F05-41D2-4AE4-8B8B-09D08893C423}.Release|Any CPU.Build.0 = Release|Any CPU
		{30C99F05-41D2-4AE4-8B8B-09D08893C423}.Release|Any CPU.Deploy.0 = Release|Any CPU
	EndGlobalSection
	GlobalSection(SolutionProperties) = preSolution
		HideSolutionNode = FALSE
	EndGlobalSection
	GlobalSection(ExtensibilityGlobals) = postSolution
		SolutionGuid = {6C8A9167-883B-4036-8189-3F0F95BEAB11}
	EndGlobalSection
EndGlobal
